
Microsoft Visual Studio Solution File, Format Version 12.00
# Visual Studio Version 17
VisualStudioVersion = 17.14.36511.14
MinimumVisualStudioVersion = 10.0.40219.1
Project("{FAE04EC0-301F-11D3-BF4B-00C04F79EFBC}") = "HtmlTemplater.CLI", "HtmlTemplater.CLI\HtmlTemplater.CLI.csproj", "{2F4C0555-F5E3-42C9-8B0A-98A26D8E1BA9}"
EndProject
Project("{FAE04EC0-301F-11D3-BF4B-00C04F79EFBC}") = "HtmlTemplater.Parsing", "HtmlTemplater.Parsing\HtmlTemplater.Parsing.csproj", "{2B034885-FED2-4D21-ABCE-35D67D1AB7F7}"
EndProject
Project("{2150E333-8FDC-42A3-9474-1A3956D46DE8}") = "Workflows", "Workflows", "{8EC462FD-D22E-90A8-E5CE-7E832BA40C5D}"
	ProjectSection(SolutionItems) = preProject
		..\.github\workflows\cd.yml = ..\.github\workflows\cd.yml
		..\.github\workflows\ci.yml = ..\.github\workflows\ci.yml
	EndProjectSection
EndProject
Project("{2150E333-8FDC-42A3-9474-1A3956D46DE8}") = "Solution items", "Solution items", "{02EA681E-C7D8-13C7-8484-4AC65E1B71E8}"
	ProjectSection(SolutionItems) = preProject
		Directory.Packages.props = Directory.Packages.props
	EndProjectSection
EndProject
Project("{FAE04EC0-301F-11D3-BF4B-00C04F79EFBC}") = "HtmlTemplater.Domain", "HtmlTemplater.Domain\HtmlTemplater.Domain.csproj", "{6E958CFC-1F6A-41D1-99BD-B8BBA5CB0B52}"
EndProject
Global
	GlobalSection(SolutionConfigurationPlatforms) = preSolution
		Debug|Any CPU = Debug|Any CPU
		Release|Any CPU = Release|Any CPU
	EndGlobalSection
	GlobalSection(ProjectConfigurationPlatforms) = postSolution
		{2F4C0555-F5E3-42C9-8B0A-98A26D8E1BA9}.Debug|Any CPU.ActiveCfg = Debug|Any CPU
		{2F4C0555-F5E3-42C9-8B0A-98A26D8E1BA9}.Debug|Any CPU.Build.0 = Debug|Any CPU
		{2F4C0555-F5E3-42C9-8B0A-98A26D8E1BA9}.Release|Any CPU.ActiveCfg = Release|Any CPU
		{2F4C0555-F5E3-42C9-8B0A-98A26D8E1BA9}.Release|Any CPU.Build.0 = Release|Any CPU
		{2B034885-FED2-4D21-ABCE-35D67D1AB7F7}.Debug|Any CPU.ActiveCfg = Debug|Any CPU
		{2B034885-FED2-4D21-ABCE-35D67D1AB7F7}.Debug|Any CPU.Build.0 = Debug|Any CPU
		{2B034885-FED2-4D21-ABCE-35D67D1AB7F7}.Release|Any CPU.ActiveCfg = Release|Any CPU
		{2B034885-FED2-4D21-ABCE-35D67D1AB7F7}.Release|Any CPU.Build.0 = Release|Any CPU
		{6E958CFC-1F6A-41D1-99BD-B8BBA5CB0B52}.Debug|Any CPU.ActiveCfg = Debug|Any CPU
		{6E958CFC-1F6A-41D1-99BD-B8BBA5CB0B52}.Debug|Any CPU.Build.0 = Debug|Any CPU
		{6E958CFC-1F6A-41D1-99BD-B8BBA5CB0B52}.Release|Any CPU.ActiveCfg = Release|Any CPU
		{6E958CFC-1F6A-41D1-99BD-B8BBA5CB0B52}.Release|Any CPU.Build.0 = Release|Any CPU
	EndGlobalSection
	GlobalSection(SolutionProperties) = preSolution
		HideSolutionNode = FALSE
	EndGlobalSection
	GlobalSection(ExtensibilityGlobals) = postSolution
		SolutionGuid = {A62F486A-12FE-4AAD-AA7E-F8F9AF508EB4}
	EndGlobalSection
EndGlobal
